github.com/davecgh/go-spew v1.1.1 h1:vj9j/u1bqnvCEfJOwUhtlOARqs3+rkHYY13jYWTU97c=
github.com/maxmind/mmdbwriter v0.0.0-20230227151111-b44ed0b508c5 h1:Q/GhbQ0NvDCCPmBfBFu+HIMiwGeWEjJ/H4V1qLvz6w0=
github.com/maxmind/mmdbwriter v0.0.0-20230227151111-b44ed0b508c5/go.mod h1:OTBr647IJpdisFRbIxLiEFMVL/lcPrmwxsvEIa/RQ9k=
github.com/oschwald/maxminddb-golang v1.10.0 h1:Xp1u0ZhqkSuopaKmk1WwHtjF0H9Hd9181uj2MQ5Vndg=
github.com/oschwald/maxminddb-golang v1.10.0/go.mod h1:Y2ELenReaLAZ0b400URyGwvYxHV1dLIxBuyOsyYjHK0=
github.com/pmezard/go-difflib v1.0.0 h1:4DBwDE0NGyQoBHbLQYPwSUPoCMWR5BEzIk/f1lZbAQM=
github.com/stretchr/testify v1.8.2 h1:+h33VjcLVPDHtOdpUCuF+7gSuG3yGIftsP1YvFihtJ8=
go4.org/netipx v0.0.0-20230125063823-8449b0a6169f h1:ketMxHg+vWm3yccyYiq+uK8D3fRmna2Fcj+awpQp84s=
go4.org/netipx v0.0.0-20230125063823-8449b0a6169f/go.mod h1:tgPU4N2u9RByaTN3NC2p9xOzyFpte4jYwsIIRF7XlSc=
golang.org/x/sys v0.5.0 h1:MUK/U/4lj1t1oPg0HfuXDN/Z1wv31ZJ/YcPiGccS4DU=
golang.org/x/sys v0.5.0/go.mod h1:oPkhp1MJrh7nUepCBck5+mAzfO9JrbApNNgaTdGDITg=
gopkg.in/yaml.v3 v3.0.1 h1:fxVm/GzAzEWqLHuvctI91KS9hhNmmWOoWu0XTYJS7CA=
